// !$*UTF8*$!
{
	archiveVersion = 1;
	classes = {
	};
	objectVersion = 50;
	objects = {

/* Begin PBXBuildFile section */
		D203904F24CD79EA003DA829 /* AppDelegate.swift in Sources */ = {isa = PBXBuildFile; fileRef = D203904E24CD79EA003DA829 /* AppDelegate.swift */; };
		D203905124CD79EA003DA829 /* SceneDelegate.swift in Sources */ = {isa = PBXBuildFile; fileRef = D203905024CD79EA003DA829 /* SceneDelegate.swift */; };
		D203905324CD79EA003DA829 /* ViewController.swift in Sources */ = {isa = PBXBuildFile; fileRef = D203905224CD79EA003DA829 /* ViewController.swift */; };
		D203905624CD79EA003DA829 /* Main.storyboard in Resources */ = {isa = PBXBuildFile; fileRef = D203905424CD79EA003DA829 /* Main.storyboard */; };
		D203905824CD79F0003DA829 /* Assets.xcassets in Resources */ = {isa = PBXBuildFile; fileRef = D203905724CD79F0003DA829 /* Assets.xcassets */; };
		D203905B24CD79F0003DA829 /* LaunchScreen.storyboard in Resources */ = {isa = PBXBuildFile; fileRef = D203905924CD79F0003DA829 /* LaunchScreen.storyboard */; };
		D203906424CD7FFC003DA829 /* PicCollectionViewCell.swift in Sources */ = {isa = PBXBuildFile; fileRef = D203906224CD7FFC003DA829 /* PicCollectionViewCell.swift */; };
		D203906524CD7FFC003DA829 /* PicCollectionViewCell.xib in Resources */ = {isa = PBXBuildFile; fileRef = D203906324CD7FFC003DA829 /* PicCollectionViewCell.xib */; };
		D203906824CD8B84003DA829 /* DragCropViewController.swift in Sources */ = {isa = PBXBuildFile; fileRef = D203906624CD8B84003DA829 /* DragCropViewController.swift */; };
		D203906924CD8B84003DA829 /* DragCropViewController.xib in Resources */ = {isa = PBXBuildFile; fileRef = D203906724CD8B84003DA829 /* DragCropViewController.xib */; };
		D28F2C5124CEC800004A218A /* UIImageExtension.swift in Sources */ = {isa = PBXBuildFile; fileRef = D28F2C5024CEC800004A218A /* UIImageExtension.swift */; };
		D28F2C5424CED0F0004A218A /* CropBoxViewController.swift in Sources */ = {isa = PBXBuildFile; fileRef = D28F2C5224CED0F0004A218A /* CropBoxViewController.swift */; };
		D28F2C5524CED0F0004A218A /* CropBoxViewController.xib in Resources */ = {isa = PBXBuildFile; fileRef = D28F2C5324CED0F0004A218A /* CropBoxViewController.xib */; };
/* End PBXBuildFile section */

/* Begin PBXFileReference section */
		D203904B24CD79EA003DA829 /* crop.app */ = {isa = PBXFileReference; explicitFileType = wrapper.application; includeInIndex = 0; path = crop.app; sourceTree = BUILT_PRODUCTS_DIR; };
		D203904E24CD79EA003DA829 /* AppDelegate.swift */ = {isa = PBXFileReference; lastKnownFileType = sourcecode.swift; path = AppDelegate.swift; sourceTree = "<group>"; };
		D203905024CD79EA003DA829 /* SceneDelegate.swift */ = {isa = PBXFileReference; lastKnownFileType = sourcecode.swift; path = SceneDelegate.swift; sourceTree = "<group>"; };
		D203905224CD79EA003DA829 /* ViewController.swift */ = {isa = PBXFileReference; lastKnownFileType = sourcecode.swift; path = ViewController.swift; sourceTree = "<group>"; };
		D203905524CD79EA003DA829 /* Base */ = {isa = PBXFileReference; lastKnownFileType = file.storyboard; name = Base; path = Base.lproj/Main.storyboard; sourceTree = "<group>"; };
		D203905724CD79F0003DA829 /* Assets.xcassets */ = {isa = PBXFileReference; lastKnownFileType = folder.assetcatalog; path = Assets.xcassets; sourceTree = "<group>"; };
		D203905A24CD79F0003DA829 /* Base */ = {isa = PBXFileReference; lastKnownFileType = file.storyboard; name = Base; path = Base.lproj/LaunchScreen.storyboard; sourceTree = "<group>"; };
		D203905C24CD79F0003DA829 /* Info.plist */ = {isa = PBXFileReference; lastKnownFileType = text.plist.xml; path = Info.plist; sourceTree = "<group>"; };
		D203906224CD7FFC003DA829 /* PicCollectionViewCell.swift */ = {isa = PBXFileReference; lastKnownFileType = sourcecode.swift; path = PicCollectionViewCell.swift; sourceTree = "<group>"; };
		D203906324CD7FFC003DA829 /* PicCollectionViewCell.xib */ = {isa = PBXFileReference; lastKnownFileType = file.xib; path = PicCollectionViewCell.xib; sourceTree = "<group>"; };
		D203906624CD8B84003DA829 /* DragCropViewController.swift */ = {isa = PBXFileReference; lastKnownFileType = sourcecode.swift; path = DragCropViewController.swift; sourceTree = "<group>"; };
		D203906724CD8B84003DA829 /* DragCropViewController.xib */ = {isa = PBXFileReference; lastKnownFileType = file.xib; path = DragCropViewController.xib; sourceTree = "<group>"; };
		D28F2C5024CEC800004A218A /* UIImageExtension.swift */ = {isa = PBXFileReference; lastKnownFileType = sourcecode.swift; path = UIImageExtension.swift; sourceTree = "<group>"; };
		D28F2C5224CED0F0004A218A /* CropBoxViewController.swift */ = {isa = PBXFileReference; lastKnownFileType = sourcecode.swift; path = CropBoxViewController.swift; sourceTree = "<group>"; };
		D28F2C5324CED0F0004A218A /* CropBoxViewController.xib */ = {isa = PBXFileReference; lastKnownFileType = file.xib; path = CropBoxViewController.xib; sourceTree = "<group>"; };
/* End PBXFileReference section */

/* Begin PBXFrameworksBuildPhase section */
		D203904824CD79EA003DA829 /* Frameworks */ = {
			isa = PBXFrameworksBuildPhase;
			buildActionMask = 2147483647;
			files = (
			);
			runOnlyForDeploymentPostprocessing = 0;
		};
/* End PBXFrameworksBuildPhase section */

/* Begin PBXGroup section */
		D203904224CD79EA003DA829 = {
			isa = PBXGroup;
			children = (
				D203904D24CD79EA003DA829 /* crop */,
				D203904C24CD79EA003DA829 /* Products */,
			);
			sourceTree = "<group>";
		};
		D203904C24CD79EA003DA829 /* Products */ = {
			isa = PBXGroup;
			children = (
				D203904B24CD79EA003DA829 /* crop.app */,
			);
			name = Products;
			sourceTree = "<group>";
		};
		D203904D24CD79EA003DA829 /* crop */ = {
			isa = PBXGroup;
			children = (
				D203904E24CD79EA003DA829 /* AppDelegate.swift */,
				D203905024CD79EA003DA829 /* SceneDelegate.swift */,
				D203905224CD79EA003DA829 /* ViewController.swift */,
				D28F2C5024CEC800004A218A /* UIImageExtension.swift */,
				D203906624CD8B84003DA829 /* DragCropViewController.swift */,
				D203906724CD8B84003DA829 /* DragCropViewController.xib */,
				D28F2C5224CED0F0004A218A /* CropBoxViewController.swift */,
				D28F2C5324CED0F0004A218A /* CropBoxViewController.xib */,
				D203906224CD7FFC003DA829 /* PicCollectionViewCell.swift */,
				D203906324CD7FFC003DA829 /* PicCollectionViewCell.xib */,
				D203905424CD79EA003DA829 /* Main.storyboard */,
				D203905724CD79F0003DA829 /* Assets.xcassets */,
				D203905924CD79F0003DA829 /* LaunchScreen.storyboard */,
				D203905C24CD79F0003DA829 /* Info.plist */,
			);
			path = crop;
			sourceTree = "<group>";
		};
/* End PBXGroup section */

/* Begin PBXNativeTarget section */
		D203904A24CD79EA003DA829 /* crop */ = {
			isa = PBXNativeTarget;
			buildConfigurationList = D203905F24CD79F0003DA829 /* Build configuration list for PBXNativeTarget "crop" */;
			buildPhases = (
				D203904724CD79EA003DA829 /* Sources */,
				D203904824CD79EA003DA829 /* Frameworks */,
				D203904924CD79EA003DA829 /* Resources */,
			);
			buildRules = (
			);
			dependencies = (
			);
			name = crop;
			productName = crop;
			productReference = D203904B24CD79EA003DA829 /* crop.app */;
			productType = "com.apple.product-type.application";
		};
/* End PBXNativeTarget section */

/* Begin PBXProject section */
		D203904324CD79EA003DA829 /* Project object */ = {
			isa = PBXProject;
			attributes = {
				LastSwiftUpdateCheck = 1160;
				LastUpgradeCheck = 1160;
				TargetAttributes = {
					D203904A24CD79EA003DA829 = {
						CreatedOnToolsVersion = 11.6;
					};
				};
			};
			buildConfigurationList = D203904624CD79EA003DA829 /* Build configuration list for PBXProject "crop" */;
			compatibilityVersion = "Xcode 9.3";
			developmentRegion = en;
			hasScannedForEncodings = 0;
			knownRegions = (
				en,
				Base,
			);
			mainGroup = D203904224CD79EA003DA829;
			productRefGroup = D203904C24CD79EA003DA829 /* Products */;
			projectDirPath = "";
			projectRoot = "";
			targets = (
				D203904A24CD79EA003DA829 /* crop */,
			);
		};
/* End PBXProject section */

/* Begin PBXResourcesBuildPhase section */
		D203904924CD79EA003DA829 /* Resources */ = {
			isa = PBXResourcesBuildPhase;
			buildActionMask = 2147483647;
			files = (
				D28F2C5524CED0F0004A218A /* CropBoxViewController.xib in Resources */,
				D203905B24CD79F0003DA829 /* LaunchScreen.storyboard in Resources */,
				D203906924CD8B84003DA829 /* DragCropViewController.xib in Resources */,
				D203906524CD7FFC003DA829 /* PicCollectionViewCell.xib in Resources */,
				D203905824CD79F0003DA829 /* Assets.xcassets in Resources */,
				D203905624CD79EA003DA829 /* Main.storyboard in Resources */,
			);
			runOnlyForDeploymentPostprocessing = 0;
		};
/* End PBXResourcesBuildPhase section */

/* Begin PBXSourcesBuildPhase section */
		D203904724CD79EA003DA829 /* Sources */ = {
			isa = PBXSourcesBuildPhase;
			buildActionMask = 2147483647;
			files = (
				D203906824CD8B84003DA829 /* DragCropViewController.swift in Sources */,
				D28F2C5424CED0F0004A218A /* CropBoxViewController.swift in Sources */,
				D203905324CD79EA003DA829 /* ViewController.swift in Sources */,
				D203906424CD7FFC003DA829 /* PicCollectionViewCell.swift in Sources */,
				D203904F24CD79EA003DA829 /* AppDelegate.swift in Sources */,
				D203905124CD79EA003DA829 /* SceneDelegate.swift in Sources */,
				D28F2C5124CEC800004A218A /* UIImageExtension.swift in Sources */,
			);
			runOnlyForDeploymentPostprocessing = 0;
		};
/* End PBXSourcesBuildPhase section */

/* Begin PBXVariantGroup section */
		D203905424CD79EA003DA829 /* Main.storyboard */ = {
			isa = PBXVariantGroup;
			children = (
				D203905524CD79EA003DA829 /* Base */,
			);
			name = Main.storyboard;
			sourceTree = "<group>";
		};
		D203905924CD79F0003DA829 /* LaunchScreen.storyboard */ = {
			isa = PBXVariantGroup;
			children = (
				D203905A24CD79F0003DA829 /* Base */,
			);
			name = LaunchScreen.storyboard;
			sourceTree = "<group>";
		};
/* End PBXVariantGroup section */

/* Begin XCBuildConfiguration section */
		D203905D24CD79F0003DA829 /* Debug */ = {
			isa = XCBuildConfiguration;
			buildSettings = {
				ALWAYS_SEARCH_USER_PATHS = NO;
				CLANG_ANALYZER_NONNULL = YES;
				CLANG_ANALYZER_NUMBER_OBJECT_CONVERSION = YES_AGGRESSIVE;
				CLANG_CXX_LANGUAGE_STANDARD = "gnu++14";
				CLANG_CXX_LIBRARY = "libc++";
				CLANG_ENABLE_MODULES = YES;
				CLANG_ENABLE_OBJC_ARC = YES;
				CLANG_ENABLE_OBJC_WEAK = YES;
				CLANG_WARN_BLOCK_CAPTURE_AUTORELEASING = YES;
				CLANG_WARN_BOOL_CONVERSION = YES;
				CLANG_WARN_COMMA = YES;
				CLANG_WARN_CONSTANT_CONVERSION = YES;
				CLANG_WARN_DEPRECATED_OBJC_IMPLEMENTATIONS = YES;
				CLANG_WARN_DIRECT_OBJC_ISA_USAGE = YES_ERROR;
				CLANG_WARN_DOCUMENTATION_COMMENTS = YES;
				CLANG_WARN_EMPTY_BODY = YES;
				CLANG_WARN_ENUM_CONVERSION = YES;
				CLANG_WARN_INFINITE_RECURSION = YES;
				CLANG_WARN_INT_CONVERSION = YES;
				CLANG_WARN_NON_LITERAL_NULL_CONVERSION = YES;
				CLANG_WARN_OBJC_IMPLICIT_RETAIN_SELF = YES;
				CLANG_WARN_OBJC_LITERAL_CONVERSION = YES;
				CLANG_WARN_OBJC_ROOT_CLASS = YES_ERROR;
				CLANG_WARN_RANGE_LOOP_ANALYSIS = YES;
				CLANG_WARN_STRICT_PROTOTYPES = YES;
				CLANG_WARN_SUSPICIOUS_MOVE = YES;
				CLANG_WARN_UNGUARDED_AVAILABILITY = YES_AGGRESSIVE;
				CLANG_WARN_UNREACHABLE_CODE = YES;
				CLANG_WARN__DUPLICATE_METHOD_MATCH = YES;
				COPY_PHASE_STRIP = NO;
				DEBUG_INFORMATION_FORMAT = dwarf;
				ENABLE_STRICT_OBJC_MSGSEND = YES;
				ENABLE_TESTABILITY = YES;
				GCC_C_LANGUAGE_STANDARD = gnu11;
				GCC_DYNAMIC_NO_PIC = NO;
				GCC_NO_COMMON_BLOCKS = YES;
				GCC_OPTIMIZATION_LEVEL = 0;
				GCC_PREPROCESSOR_DEFINITIONS = (
					"DEBUG=1",
					"$(inherited)",
				);
				GCC_WARN_64_TO_32_BIT_CONVERSION = YES;
				GCC_WARN_ABOUT_RETURN_TYPE = YES_ERROR;
				GCC_WARN_UNDECLARED_SELECTOR = YES;
				GCC_WARN_UNINITIALIZED_AUTOS = YES_AGGRESSIVE;
				GCC_WARN_UNUSED_FUNCTION = YES;
				GCC_WARN_UNUSED_VARIABLE = YES;
				IPHONEOS_DEPLOYMENT_TARGET = 13.6;
				MTL_ENABLE_DEBUG_INFO = INCLUDE_SOURCE;
				MTL_FAST_MATH = YES;
				ONLY_ACTIVE_ARCH = YES;
				SDKROOT = iphoneos;
				SWIFT_ACTIVE_COMPILATION_CONDITIONS = DEBUG;
				SWIFT_OPTIMIZATION_LEVEL = "-Onone";
			};
			name = Debug;
		};
		D203905E24CD79F0003DA829 /* Release */ = {
			isa = XCBuildConfiguration;
			buildSettings = {
				ALWAYS_SEARCH_USER_PATHS = NO;
				CLANG_ANALYZER_NONNULL = YES;
				CLANG_ANALYZER_NUMBER_OBJECT_CONVERSION = YES_AGGRESSIVE;
				CLANG_CXX_LANGUAGE_STANDARD = "gnu++14";
				CLANG_CXX_LIBRARY = "libc++";
				CLANG_ENABLE_MODULES = YES;
				CLANG_ENABLE_OBJC_ARC = YES;
				CLANG_ENABLE_OBJC_WEAK = YES;
				CLANG_WARN_BLOCK_CAPTURE_AUTORELEASING = YES;
				CLANG_WARN_BOOL_CONVERSION = YES;
				CLANG_WARN_COMMA = YES;
				CLANG_WARN_CONSTANT_CONVERSION = YES;
				CLANG_WARN_DEPRECATED_OBJC_IMPLEMENTATIONS = YES;
				CLANG_WARN_DIRECT_OBJC_ISA_USAGE = YES_ERROR;
				CLANG_WARN_DOCUMENTATION_COMMENTS = YES;
				CLANG_WARN_EMPTY_BODY = YES;
				CLANG_WARN_ENUM_CONVERSION = YES;
				CLANG_WARN_INFINITE_RECURSION = YES;
				CLANG_WARN_INT_CONVERSION = YES;
				CLANG_WARN_NON_LITERAL_NULL_CONVERSION = YES;
				CLANG_WARN_OBJC_IMPLICIT_RETAIN_SELF = YES;
				CLANG_WARN_OBJC_LITERAL_CONVERSION = YES;
				CLANG_WARN_OBJC_ROOT_CLASS = YES_ERROR;
				CLANG_WARN_RANGE_LOOP_ANALYSIS = YES;
				CLANG_WARN_STRICT_PROTOTYPES = YES;
				CLANG_WARN_SUSPICIOUS_MOVE = YES;
				CLANG_WARN_UNGUARDED_AVAILABILITY = YES_AGGRESSIVE;
				CLANG_WARN_UNREACHABLE_CODE = YES;
				CLANG_WARN__DUPLICATE_METHOD_MATCH = YES;
				COPY_PHASE_STRIP = NO;
				DEBUG_INFORMATION_FORMAT = "dwarf-with-dsym";
				ENABLE_NS_ASSERTIONS = NO;
				ENABLE_STRICT_OBJC_MSGSEND = YES;
				GCC_C_LANGUAGE_STANDARD = gnu11;
				GCC_NO_COMMON_BLOCKS = YES;
				GCC_WARN_64_TO_32_BIT_CONVERSION = YES;
				GCC_WARN_ABOUT_RETURN_TYPE = YES_ERROR;
				GCC_WARN_UNDECLARED_SELECTOR = YES;
				GCC_WARN_UNINITIALIZED_AUTOS = YES_AGGRESSIVE;
				GCC_WARN_UNUSED_FUNCTION = YES;
				GCC_WARN_UNUSED_VARIABLE = YES;
				IPHONEOS_DEPLOYMENT_TARGET = 13.6;
				MTL_ENABLE_DEBUG_INFO = NO;
				MTL_FAST_MATH = YES;
				SDKROOT = iphoneos;
				SWIFT_COMPILATION_MODE = wholemodule;
				SWIFT_OPTIMIZATION_LEVEL = "-O";
				VALIDATE_PRODUCT = YES;
			};
			name = Release;
		};
		D203906024CD79F0003DA829 /* Debug */ = {
			isa = XCBuildConfiguration;
			buildSettings = {
				ASSETCATALOG_COMPILER_APPICON_NAME = AppIcon;
				CODE_SIGN_STYLE = Automatic;
				INFOPLIST_FILE = crop/Info.plist;
				LD_RUNPATH_SEARCH_PATHS = (
					"$(inherited)",
					"@executable_path/Frameworks",
				);
				PRODUCT_BUNDLE_IDENTIFIER = crop.crop;
				PRODUCT_NAME = "$(TARGET_NAME)";
				SWIFT_VERSION = 5.0;
				TARGETED_DEVICE_FAMILY = "1,2";
			};
			name = Debug;
		};
		D203906124CD79F0003DA829 /* Release */ = {
			isa = XCBuildConfiguration;
			buildSettings = {
				ASSETCATALOG_COMPILER_APPICON_NAME = AppIcon;
				CODE_SIGN_STYLE = Automatic;
				INFOPLIST_FILE = crop/Info.plist;
				LD_RUNPATH_SEARCH_PATHS = (
					"$(inherited)",
					"@executable_path/Frameworks",
				);
				PRODUCT_BUNDLE_IDENTIFIER = crop.crop;
				PRODUCT_NAME = "$(TARGET_NAME)";
				SWIFT_VERSION = 5.0;
				TARGETED_DEVICE_FAMILY = "1,2";
			};
			name = Release;
		};
/* End XCBuildConfiguration section */

/* Begin XCConfigurationList section */
		D203904624CD79EA003DA829 /* Build configuration list for PBXProject "crop" */ = {
			isa = XCConfigurationList;
			buildConfigurations = (
				D203905D24CD79F0003DA829 /* Debug */,
				D203905E24CD79F0003DA829 /* Release */,
			);
			defaultConfigurationIsVisible = 0;
			defaultConfigurationName = Release;
		};
		D203905F24CD79F0003DA829 /* Build configuration list for PBXNativeTarget "crop" */ = {
			isa = XCConfigurationList;
			buildConfigurations = (
				D203906024CD79F0003DA829 /* Debug */,
				D203906124CD79F0003DA829 /* Release */,
			);
			defaultConfigurationIsVisible = 0;
			defaultConfigurationName = Release;
		};
/* End XCConfigurationList section */
	};
	rootObject = D203904324CD79EA003DA829 /* Project object */;
}
